
Microsoft Visual Studio Solution File, Format Version 12.00
# Visual Studio Version 17
VisualStudioVersion = 17.11.35327.3
MinimumVisualStudioVersion = 10.0.40219.1
Project("{9A19103F-16F7-4668-BE54-9A1E7A4F7556}") = "WebApi", "src\WebApi\WebApi.csproj", "{29475F2F-2430-4FAE-8996-FB168B92B467}"
EndProject
Project("{2150E333-8FDC-42A3-9474-1A3956D46DE8}") = "src", "src", "{4DC23501-0F89-4D78-AC66-394E37F6C6B7}"
EndProject
Global
	GlobalSection(SolutionConfigurationPlatforms) = preSolution
		Debug|Any CPU = Debug|Any CPU
		Release|Any CPU = Release|Any CPU
	EndGlobalSection
	GlobalSection(ProjectConfigurationPlatforms) = postSolution
		{29475F2F-2430-4FAE-8996-FB168B92B467}.Debug|Any CPU.ActiveCfg = Debug|Any CPU
		{29475F2F-2430-4FAE-8996-FB168B92B467}.Debug|Any CPU.Build.0 = Debug|Any CPU
		{29475F2F-2430-4FAE-8996-FB168B92B467}.Release|Any CPU.ActiveCfg = Release|Any CPU
		{29475F2F-2430-4FAE-8996-FB168B92B467}.Release|Any CPU.Build.0 = Release|Any CPU
	EndGlobalSection
	GlobalSection(SolutionProperties) = preSolution
		HideSolutionNode = FALSE
	EndGlobalSection
	GlobalSection(NestedProjects) = preSolution
		{29475F2F-2430-4FAE-8996-FB168B92B467} = {4DC23501-0F89-4D78-AC66-394E37F6C6B7}
	EndGlobalSection
	GlobalSection(ExtensibilityGlobals) = postSolution
		SolutionGuid = {46E9399F-C155-408C-AEB5-F6393EBAA95F}
	EndGlobalSection
EndGlobal
